{
  "originHash" : "0be1906add4ad1b4b6362063049a7061ca56b63bb42382838562b5f64d9db37e",
  "pins" : [
    {
      "identity" : "oslogviewer",
      "kind" : "remoteSourceControl",
      "location" : "https://github.com/0xWDG/OSLogViewer.git",
      "state" : {
        "revision" : "d1170a311c2a8e6a643bf0b5f5d5849d602e72be",
        "version" : "1.1.6"
      }
    }
  ],
  "version" : 3
}
